
Microsoft Visual Studio Solution File, Format Version 12.00
# Visual Studio Version 16
VisualStudioVersion = 16.0.29102.190
MinimumVisualStudioVersion = 10.0.40219.1
Project("{FAE04EC0-301F-11D3-BF4B-00C04F79EFBC}") = "NMSBnkRepacker", "NMSBnkRepacker\NMSBnkRepacker.csproj", "{6F4983AB-BD17-4313-8231-2AC410E6B5F6}"
EndProject
Project("{FAE04EC0-301F-11D3-BF4B-00C04F79EFBC}") = "BNKFormat", "BNKFormat\BNKFormat.csproj", "{F387F5D6-685D-42FC-8E2E-302C5DE6D9FE}"
EndProject
Project("{FAE04EC0-301F-11D3-BF4B-00C04F79EFBC}") = "LazyBNKFormat", "LazyBNKFormat\LazyBNKFormat.csproj", "{8E1346C5-FAF7-431A-9364-E7D6324EDE49}"
EndProject
Project("{FAE04EC0-301F-11D3-BF4B-00C04F79EFBC}") = "NMSBnkMerger", "NMSBnkMerger\NMSBnkMerger.csproj", "{D486648D-0528-4E67-B6A5-FFCC79AFE43D}"
EndProject
Project("{FAE04EC0-301F-11D3-BF4B-00C04F79EFBC}") = "BNKPatcher", "BNKPatcher\BNKPatcher.csproj", "{38135FF9-63EE-42D0-B3C4-236F5E886795}"
EndProject
Project("{FAE04EC0-301F-11D3-BF4B-00C04F79EFBC}") = "WEMCompiler", "WEMCompiler\WEMCompiler.csproj", "{FAE05FC9-6A3A-4AC9-BEF2-4B5DD8D977E3}"
EndProject
Project("{FAE04EC0-301F-11D3-BF4B-00C04F79EFBC}") = "WEMCompilerTool", "WEMCompilerTool\WEMCompilerTool.csproj", "{AA43226B-F78B-489F-B62C-41EFA8947556}"
EndProject
Global
	GlobalSection(SolutionConfigurationPlatforms) = preSolution
		Debug|Any CPU = Debug|Any CPU
		Debug|x64 = Debug|x64
		Release|Any CPU = Release|Any CPU
		Release|x64 = Release|x64
	EndGlobalSection
	GlobalSection(ProjectConfigurationPlatforms) = postSolution
		{6F4983AB-BD17-4313-8231-2AC410E6B5F6}.Debug|Any CPU.ActiveCfg = Debug|Any CPU
		{6F4983AB-BD17-4313-8231-2AC410E6B5F6}.Debug|Any CPU.Build.0 = Debug|Any CPU
		{6F4983AB-BD17-4313-8231-2AC410E6B5F6}.Debug|x64.ActiveCfg = Debug|x64
		{6F4983AB-BD17-4313-8231-2AC410E6B5F6}.Debug|x64.Build.0 = Debug|x64
		{6F4983AB-BD17-4313-8231-2AC410E6B5F6}.Release|Any CPU.ActiveCfg = Release|Any CPU
		{6F4983AB-BD17-4313-8231-2AC410E6B5F6}.Release|Any CPU.Build.0 = Release|Any CPU
		{6F4983AB-BD17-4313-8231-2AC410E6B5F6}.Release|x64.ActiveCfg = Release|x64
		{6F4983AB-BD17-4313-8231-2AC410E6B5F6}.Release|x64.Build.0 = Release|x64
		{F387F5D6-685D-42FC-8E2E-302C5DE6D9FE}.Debug|Any CPU.ActiveCfg = Debug|Any CPU
		{F387F5D6-685D-42FC-8E2E-302C5DE6D9FE}.Debug|Any CPU.Build.0 = Debug|Any CPU
		{F387F5D6-685D-42FC-8E2E-302C5DE6D9FE}.Debug|x64.ActiveCfg = Debug|x64
		{F387F5D6-685D-42FC-8E2E-302C5DE6D9FE}.Debug|x64.Build.0 = Debug|x64
		{F387F5D6-685D-42FC-8E2E-302C5DE6D9FE}.Release|Any CPU.ActiveCfg = Release|Any CPU
		{F387F5D6-685D-42FC-8E2E-302C5DE6D9FE}.Release|Any CPU.Build.0 = Release|Any CPU
		{F387F5D6-685D-42FC-8E2E-302C5DE6D9FE}.Release|x64.ActiveCfg = Release|x64
		{F387F5D6-685D-42FC-8E2E-302C5DE6D9FE}.Release|x64.Build.0 = Release|x64
		{8E1346C5-FAF7-431A-9364-E7D6324EDE49}.Debug|Any CPU.ActiveCfg = Debug|Any CPU
		{8E1346C5-FAF7-431A-9364-E7D6324EDE49}.Debug|Any CPU.Build.0 = Debug|Any CPU
		{8E1346C5-FAF7-431A-9364-E7D6324EDE49}.Debug|x64.ActiveCfg = Debug|Any CPU
		{8E1346C5-FAF7-431A-9364-E7D6324EDE49}.Debug|x64.Build.0 = Debug|Any CPU
		{8E1346C5-FAF7-431A-9364-E7D6324EDE49}.Release|Any CPU.ActiveCfg = Release|Any CPU
		{8E1346C5-FAF7-431A-9364-E7D6324EDE49}.Release|Any CPU.Build.0 = Release|Any CPU
		{8E1346C5-FAF7-431A-9364-E7D6324EDE49}.Release|x64.ActiveCfg = Release|Any CPU
		{8E1346C5-FAF7-431A-9364-E7D6324EDE49}.Release|x64.Build.0 = Release|Any CPU
		{D486648D-0528-4E67-B6A5-FFCC79AFE43D}.Debug|Any CPU.ActiveCfg = Debug|Any CPU
		{D486648D-0528-4E67-B6A5-FFCC79AFE43D}.Debug|Any CPU.Build.0 = Debug|Any CPU
		{D486648D-0528-4E67-B6A5-FFCC79AFE43D}.Debug|x64.ActiveCfg = Debug|Any CPU
		{D486648D-0528-4E67-B6A5-FFCC79AFE43D}.Debug|x64.Build.0 = Debug|Any CPU
		{D486648D-0528-4E67-B6A5-FFCC79AFE43D}.Release|Any CPU.ActiveCfg = Release|Any CPU
		{D486648D-0528-4E67-B6A5-FFCC79AFE43D}.Release|Any CPU.Build.0 = Release|Any CPU
		{D486648D-0528-4E67-B6A5-FFCC79AFE43D}.Release|x64.ActiveCfg = Release|Any CPU
		{D486648D-0528-4E67-B6A5-FFCC79AFE43D}.Release|x64.Build.0 = Release|Any CPU
		{38135FF9-63EE-42D0-B3C4-236F5E886795}.Debug|Any CPU.ActiveCfg = Debug|Any CPU
		{38135FF9-63EE-42D0-B3C4-236F5E886795}.Debug|Any CPU.Build.0 = Debug|Any CPU
		{38135FF9-63EE-42D0-B3C4-236F5E886795}.Debug|x64.ActiveCfg = Debug|Any CPU
		{38135FF9-63EE-42D0-B3C4-236F5E886795}.Debug|x64.Build.0 = Debug|Any CPU
		{38135FF9-63EE-42D0-B3C4-236F5E886795}.Release|Any CPU.ActiveCfg = Release|Any CPU
		{38135FF9-63EE-42D0-B3C4-236F5E886795}.Release|Any CPU.Build.0 = Release|Any CPU
		{38135FF9-63EE-42D0-B3C4-236F5E886795}.Release|x64.ActiveCfg = Release|Any CPU
		{38135FF9-63EE-42D0-B3C4-236F5E886795}.Release|x64.Build.0 = Release|Any CPU
		{FAE05FC9-6A3A-4AC9-BEF2-4B5DD8D977E3}.Debug|Any CPU.ActiveCfg = Debug|Any CPU
		{FAE05FC9-6A3A-4AC9-BEF2-4B5DD8D977E3}.Debug|Any CPU.Build.0 = Debug|Any CPU
		{FAE05FC9-6A3A-4AC9-BEF2-4B5DD8D977E3}.Debug|x64.ActiveCfg = Debug|Any CPU
		{FAE05FC9-6A3A-4AC9-BEF2-4B5DD8D977E3}.Debug|x64.Build.0 = Debug|Any CPU
		{FAE05FC9-6A3A-4AC9-BEF2-4B5DD8D977E3}.Release|Any CPU.ActiveCfg = Release|Any CPU
		{FAE05FC9-6A3A-4AC9-BEF2-4B5DD8D977E3}.Release|Any CPU.Build.0 = Release|Any CPU
		{FAE05FC9-6A3A-4AC9-BEF2-4B5DD8D977E3}.Release|x64.ActiveCfg = Release|Any CPU
		{FAE05FC9-6A3A-4AC9-BEF2-4B5DD8D977E3}.Release|x64.Build.0 = Release|Any CPU
		{AA43226B-F78B-489F-B62C-41EFA8947556}.Debug|Any CPU.ActiveCfg = Debug|Any CPU
		{AA43226B-F78B-489F-B62C-41EFA8947556}.Debug|Any CPU.Build.0 = Debug|Any CPU
		{AA43226B-F78B-489F-B62C-41EFA8947556}.Debug|x64.ActiveCfg = Debug|Any CPU
		{AA43226B-F78B-489F-B62C-41EFA8947556}.Debug|x64.Build.0 = Debug|Any CPU
		{AA43226B-F78B-489F-B62C-41EFA8947556}.Release|Any CPU.ActiveCfg = Release|Any CPU
		{AA43226B-F78B-489F-B62C-41EFA8947556}.Release|Any CPU.Build.0 = Release|Any CPU
		{AA43226B-F78B-489F-B62C-41EFA8947556}.Release|x64.ActiveCfg = Release|Any CPU
		{AA43226B-F78B-489F-B62C-41EFA8947556}.Release|x64.Build.0 = Release|Any CPU
	EndGlobalSection
	GlobalSection(SolutionProperties) = preSolution
		HideSolutionNode = FALSE
	EndGlobalSection
	GlobalSection(ExtensibilityGlobals) = postSolution
		SolutionGuid = {B0734DE3-8413-4031-9580-CC688BA3D662}
	EndGlobalSection
EndGlobal
